%{
  "aws_signature": {:hex, :aws_signature, "0.3.2", "adf33bc4af00b2089b7708bf20e3246f09c639a905a619b3689f0a0a22c3ef8f", [:rebar3], [], "hexpm", "b0daf61feb4250a8ab0adea60db3e336af732ff71dd3fb22e45ae3dcbd071e44"},
  "hammox": {:hex, :hammox, "0.7.0", "a49dc95e0a78e1c38db11c2b6eadff38f25418ef92ecf408bd90d95d459f35a2", [:mix], [{:mox, "~> 1.0", [hex: :mox, repo: "hexpm", optional: false]}, {:ordinal, "~> 0.1", [hex: :ordinal, repo: "hexpm", optional: false]}, {:telemetry, "~> 1.0", [hex: :telemetry, repo: "hexpm", optional: false]}], "hexpm", "5e228c4587f23543f90c11394957878178c489fad46da421c37ca696e37dd91b"},
  "jason": {:hex, :jason, "1.4.1", "af1504e35f629ddcdd6addb3513c3853991f694921b1b9368b0bd32beb9f1b63", [:mix], [{:decimal, "~> 1.0 or ~> 2.0", [hex: :decimal, repo: "hexpm", optional: true]}], "hexpm", "fbb01ecdfd565b56261302f7e1fcc27c4fb8f32d56eab74db621fc154604a7a1"},
  "mox": {:hex, :mox, "1.1.0", "0f5e399649ce9ab7602f72e718305c0f9cdc351190f72844599545e4996af73c", [:mix], [], "hexpm", "d44474c50be02d5b72131070281a5d3895c0e7a95c780e90bc0cfe712f633a13"},
  "ordinal": {:hex, :ordinal, "0.2.0", "d3eda0cb04ee1f0ca0aae37bf2cf56c28adce345fe56a75659031b6068275191", [:mix], [], "hexpm", "defca8f10dee9f03a090ed929a595303252700a9a73096b6f2f8d88341690d65"},
  "telemetry": {:hex, :telemetry, "1.2.1", "68fdfe8d8f05a8428483a97d7aab2f268aaff24b49e0f599faa091f1d4e7f61c", [:rebar3], [], "hexpm", "dad9ce9d8effc621708f99eac538ef1cbe05d6a874dd741de2e689c47feafed5"},
}
